
Microsoft Visual Studio Solution File, Format Version 12.00
# Visual Studio 14
VisualStudioVersion = 14.0.25420.1
MinimumVisualStudioVersion = 10.0.40219.1
Project("{FAE04EC0-301F-11D3-BF4B-00C04F79EFBC}") = "Demo.Common", "Demo.Common\Demo.Common.csproj", "{9DC4068C-9879-489E-B445-B32606C547C4}"
EndProject
Project("{2150E333-8FDC-42A3-9474-1A3956D46DE8}") = "1-Layers", "1-Layers", "{5EE6EF89-45F2-44DB-A393-2D887E8BDC2B}"
EndProject
Project("{2150E333-8FDC-42A3-9474-1A3956D46DE8}") = "1.1-Cross Cutting", "1.1-Cross Cutting", "{4EBF468E-CD64-4852-9FBA-2E9EC087C23D}"
EndProject
Project("{2150E333-8FDC-42A3-9474-1A3956D46DE8}") = "1.2-Presentation", "1.2-Presentation", "{2DDB3676-B9C9-420E-A1A6-689B808DC473}"
EndProject
Project("{2150E333-8FDC-42A3-9474-1A3956D46DE8}") = "1.3-Distributed Services", "1.3-Distributed Services", "{BF717377-36CB-4B20-BFAA-C1B29CF6D880}"
EndProject
Project("{2150E333-8FDC-42A3-9474-1A3956D46DE8}") = "1.4-Application", "1.4-Application", "{0796A87F-A701-4DBC-9DA7-B35C3047A747}"
EndProject
Project("{2150E333-8FDC-42A3-9474-1A3956D46DE8}") = "1.5-Domain", "1.5-Domain", "{3B61783D-CDA0-41F6-894B-0A0D7489F24B}"
EndProject
Project("{2150E333-8FDC-42A3-9474-1A3956D46DE8}") = "1.6-Infrastructure", "1.6-Infrastructure", "{EB0503E9-F76E-491C-9AFE-0F5EE67490C2}"
EndProject
Project("{2150E333-8FDC-42A3-9474-1A3956D46DE8}") = "1.7-External Services", "1.7-External Services", "{CA0F65B3-1A6F-4D07-B51C-8002AD39EAFC}"
EndProject
Project("{00D1A9C2-B5F0-4AF3-8072-F6C62B433612}") = "Demo.Database", "Demo.Database\Demo.Database.sqlproj", "{6478CF3F-611E-4494-AEDD-4125B542A649}"
EndProject
Project("{FAE04EC0-301F-11D3-BF4B-00C04F79EFBC}") = "Demo.DependencyResolver", "Demo.DependencyResolver\Demo.DependencyResolver.csproj", "{D90019EE-7BEF-443A-9C84-4CEDE3C7EDBE}"
EndProject
Project("{FAE04EC0-301F-11D3-BF4B-00C04F79EFBC}") = "Demo.Framework", "Demo.Framework\Demo.Framework.csproj", "{40A218F5-FFF4-4065-8181-F2E7D535509E}"
EndProject
Project("{2150E333-8FDC-42A3-9474-1A3956D46DE8}") = "1.2.1-Web", "1.2.1-Web", "{D264C6CE-5634-4BC5-9DEC-36EB64386269}"
EndProject
Project("{2150E333-8FDC-42A3-9474-1A3956D46DE8}") = "1.2.2-Mobile", "1.2.2-Mobile", "{8A2CF464-318F-4767-B7F6-8C8D3DE98794}"
EndProject
Project("{FAE04EC0-301F-11D3-BF4B-00C04F79EFBC}") = "Demo.EmailServices", "Demo.EmailServices\Demo.EmailServices.csproj", "{5C6C71E0-AB6B-454D-9A57-7EF4FD6FEDBC}"
EndProject
Project("{FAE04EC0-301F-11D3-BF4B-00C04F79EFBC}") = "Demo.Infrastructure", "Demo.Infrastructure\Demo.Infrastructure.csproj", "{A835D061-A2AD-47B0-991C-BBFA9C8EF58A}"
EndProject
Project("{FAE04EC0-301F-11D3-BF4B-00C04F79EFBC}") = "Demo.Domain", "Demo.Domain\Demo.Domain.csproj", "{8A7D9703-A9E5-4252-8902-756F1E00AEA5}"
EndProject
Project("{FAE04EC0-301F-11D3-BF4B-00C04F79EFBC}") = "Demo.Application", "Demo.Application\Demo.Application.csproj", "{BB8B2616-EAD9-4F16-AC68-D9F351B77137}"
EndProject
Project("{FAE04EC0-301F-11D3-BF4B-00C04F79EFBC}") = "Demo.Application.Contract", "Demo.Application.Contract\Demo.Application.Contract.csproj", "{E63D6AA3-4B40-4252-97F2-C40F3A4F639F}"
EndProject
Project("{FAE04EC0-301F-11D3-BF4B-00C04F79EFBC}") = "Demo.DistributedServices", "Demo.DistributedServices\Demo.DistributedServices.csproj", "{D22F1281-D749-453E-844B-FAC7993FB6B8}"
EndProject
Project("{FAE04EC0-301F-11D3-BF4B-00C04F79EFBC}") = "Demo.Web.MVC", "Demo.Web.MVC\Demo.Web.MVC.csproj", "{610E8775-8305-4FA2-852F-2AE3D1690C33}"
EndProject
Project("{FAE04EC0-301F-11D3-BF4B-00C04F79EFBC}") = "Demo.DocumentServices", "Demo.DocumentServices\Demo.DocumentServices.csproj", "{21B29181-3136-4BED-A93D-ACEAA8861141}"
EndProject
Project("{2150E333-8FDC-42A3-9474-1A3956D46DE8}") = "1.2.4-Desktop", "1.2.4-Desktop", "{8F66C457-1F92-443C-B35A-1C14698F08BF}"
EndProject
Project("{FAE04EC0-301F-11D3-BF4B-00C04F79EFBC}") = "Demo.Schedular", "Demo.Schedular\Demo.Schedular.csproj", "{6611918F-A7ED-4804-88AA-4D76269DE873}"
EndProject
Project("{FAE04EC0-301F-11D3-BF4B-00C04F79EFBC}") = "LoggerPOC", "LoggerPOC\LoggerPOC.csproj", "{0ABCABA5-61C2-4B37-BF1C-85C8CAD1E6FA}"
EndProject
Project("{2150E333-8FDC-42A3-9474-1A3956D46DE8}") = "1.2.3-Background Services", "1.2.3-Background Services", "{55CB1B91-8CB9-4C12-95A3-F5AB8613F440}"
EndProject
Project("{2150E333-8FDC-42A3-9474-1A3956D46DE8}") = "2-Database", "2-Database", "{CF8E5E13-21ED-4869-AE42-062F9591F20B}"
EndProject
Project("{2150E333-8FDC-42A3-9474-1A3956D46DE8}") = "3-Deployment", "3-Deployment", "{2BEB1D7E-6AE6-48B2-87D1-53A8607929BC}"
EndProject
Project("{2150E333-8FDC-42A3-9474-1A3956D46DE8}") = "4-POC", "4-POC", "{E0FE3B95-1A12-401C-96C6-C85BDBC5C5B9}"
EndProject
Global
	GlobalSection(SolutionConfigurationPlatforms) = preSolution
		Debug|Any CPU = Debug|Any CPU
		Release|Any CPU = Release|Any CPU
	EndGlobalSection
	GlobalSection(ProjectConfigurationPlatforms) = postSolution
		{9DC4068C-9879-489E-B445-B32606C547C4}.Debug|Any CPU.ActiveCfg = Debug|Any CPU
		{9DC4068C-9879-489E-B445-B32606C547C4}.Debug|Any CPU.Build.0 = Debug|Any CPU
		{9DC4068C-9879-489E-B445-B32606C547C4}.Release|Any CPU.ActiveCfg = Release|Any CPU
		{9DC4068C-9879-489E-B445-B32606C547C4}.Release|Any CPU.Build.0 = Release|Any CPU
		{6478CF3F-611E-4494-AEDD-4125B542A649}.Debug|Any CPU.ActiveCfg = Debug|Any CPU
		{6478CF3F-611E-4494-AEDD-4125B542A649}.Debug|Any CPU.Build.0 = Debug|Any CPU
		{6478CF3F-611E-4494-AEDD-4125B542A649}.Debug|Any CPU.Deploy.0 = Debug|Any CPU
		{6478CF3F-611E-4494-AEDD-4125B542A649}.Release|Any CPU.ActiveCfg = Release|Any CPU
		{6478CF3F-611E-4494-AEDD-4125B542A649}.Release|Any CPU.Build.0 = Release|Any CPU
		{6478CF3F-611E-4494-AEDD-4125B542A649}.Release|Any CPU.Deploy.0 = Release|Any CPU
		{D90019EE-7BEF-443A-9C84-4CEDE3C7EDBE}.Debug|Any CPU.ActiveCfg = Debug|Any CPU
		{D90019EE-7BEF-443A-9C84-4CEDE3C7EDBE}.Debug|Any CPU.Build.0 = Debug|Any CPU
		{D90019EE-7BEF-443A-9C84-4CEDE3C7EDBE}.Release|Any CPU.ActiveCfg = Release|Any CPU
		{D90019EE-7BEF-443A-9C84-4CEDE3C7EDBE}.Release|Any CPU.Build.0 = Release|Any CPU
		{40A218F5-FFF4-4065-8181-F2E7D535509E}.Debug|Any CPU.ActiveCfg = Debug|Any CPU
		{40A218F5-FFF4-4065-8181-F2E7D535509E}.Debug|Any CPU.Build.0 = Debug|Any CPU
		{40A218F5-FFF4-4065-8181-F2E7D535509E}.Release|Any CPU.ActiveCfg = Release|Any CPU
		{40A218F5-FFF4-4065-8181-F2E7D535509E}.Release|Any CPU.Build.0 = Release|Any CPU
		{5C6C71E0-AB6B-454D-9A57-7EF4FD6FEDBC}.Debug|Any CPU.ActiveCfg = Debug|Any CPU
		{5C6C71E0-AB6B-454D-9A57-7EF4FD6FEDBC}.Debug|Any CPU.Build.0 = Debug|Any CPU
		{5C6C71E0-AB6B-454D-9A57-7EF4FD6FEDBC}.Release|Any CPU.ActiveCfg = Release|Any CPU
		{5C6C71E0-AB6B-454D-9A57-7EF4FD6FEDBC}.Release|Any CPU.Build.0 = Release|Any CPU
		{A835D061-A2AD-47B0-991C-BBFA9C8EF58A}.Debug|Any CPU.ActiveCfg = Debug|Any CPU
		{A835D061-A2AD-47B0-991C-BBFA9C8EF58A}.Debug|Any CPU.Build.0 = Debug|Any CPU
		{A835D061-A2AD-47B0-991C-BBFA9C8EF58A}.Release|Any CPU.ActiveCfg = Release|Any CPU
		{A835D061-A2AD-47B0-991C-BBFA9C8EF58A}.Release|Any CPU.Build.0 = Release|Any CPU
		{8A7D9703-A9E5-4252-8902-756F1E00AEA5}.Debug|Any CPU.ActiveCfg = Debug|Any CPU
		{8A7D9703-A9E5-4252-8902-756F1E00AEA5}.Debug|Any CPU.Build.0 = Debug|Any CPU
		{8A7D9703-A9E5-4252-8902-756F1E00AEA5}.Release|Any CPU.ActiveCfg = Release|Any CPU
		{8A7D9703-A9E5-4252-8902-756F1E00AEA5}.Release|Any CPU.Build.0 = Release|Any CPU
		{BB8B2616-EAD9-4F16-AC68-D9F351B77137}.Debug|Any CPU.ActiveCfg = Debug|Any CPU
		{BB8B2616-EAD9-4F16-AC68-D9F351B77137}.Debug|Any CPU.Build.0 = Debug|Any CPU
		{BB8B2616-EAD9-4F16-AC68-D9F351B77137}.Release|Any CPU.ActiveCfg = Release|Any CPU
		{BB8B2616-EAD9-4F16-AC68-D9F351B77137}.Release|Any CPU.Build.0 = Release|Any CPU
		{E63D6AA3-4B40-4252-97F2-C40F3A4F639F}.Debug|Any CPU.ActiveCfg = Debug|Any CPU
		{E63D6AA3-4B40-4252-97F2-C40F3A4F639F}.Debug|Any CPU.Build.0 = Debug|Any CPU
		{E63D6AA3-4B40-4252-97F2-C40F3A4F639F}.Release|Any CPU.ActiveCfg = Release|Any CPU
		{E63D6AA3-4B40-4252-97F2-C40F3A4F639F}.Release|Any CPU.Build.0 = Release|Any CPU
		{D22F1281-D749-453E-844B-FAC7993FB6B8}.Debug|Any CPU.ActiveCfg = Debug|Any CPU
		{D22F1281-D749-453E-844B-FAC7993FB6B8}.Debug|Any CPU.Build.0 = Debug|Any CPU
		{D22F1281-D749-453E-844B-FAC7993FB6B8}.Release|Any CPU.ActiveCfg = Release|Any CPU
		{D22F1281-D749-453E-844B-FAC7993FB6B8}.Release|Any CPU.Build.0 = Release|Any CPU
		{610E8775-8305-4FA2-852F-2AE3D1690C33}.Debug|Any CPU.ActiveCfg = Debug|Any CPU
		{610E8775-8305-4FA2-852F-2AE3D1690C33}.Debug|Any CPU.Build.0 = Debug|Any CPU
		{610E8775-8305-4FA2-852F-2AE3D1690C33}.Release|Any CPU.ActiveCfg = Release|Any CPU
		{610E8775-8305-4FA2-852F-2AE3D1690C33}.Release|Any CPU.Build.0 = Release|Any CPU
		{21B29181-3136-4BED-A93D-ACEAA8861141}.Debug|Any CPU.ActiveCfg = Debug|Any CPU
		{21B29181-3136-4BED-A93D-ACEAA8861141}.Debug|Any CPU.Build.0 = Debug|Any CPU
		{21B29181-3136-4BED-A93D-ACEAA8861141}.Release|Any CPU.ActiveCfg = Release|Any CPU
		{21B29181-3136-4BED-A93D-ACEAA8861141}.Release|Any CPU.Build.0 = Release|Any CPU
		{6611918F-A7ED-4804-88AA-4D76269DE873}.Debug|Any CPU.ActiveCfg = Debug|Any CPU
		{6611918F-A7ED-4804-88AA-4D76269DE873}.Debug|Any CPU.Build.0 = Debug|Any CPU
		{6611918F-A7ED-4804-88AA-4D76269DE873}.Release|Any CPU.ActiveCfg = Release|Any CPU
		{6611918F-A7ED-4804-88AA-4D76269DE873}.Release|Any CPU.Build.0 = Release|Any CPU
		{0ABCABA5-61C2-4B37-BF1C-85C8CAD1E6FA}.Debug|Any CPU.ActiveCfg = Debug|Any CPU
		{0ABCABA5-61C2-4B37-BF1C-85C8CAD1E6FA}.Debug|Any CPU.Build.0 = Debug|Any CPU
		{0ABCABA5-61C2-4B37-BF1C-85C8CAD1E6FA}.Release|Any CPU.ActiveCfg = Release|Any CPU
		{0ABCABA5-61C2-4B37-BF1C-85C8CAD1E6FA}.Release|Any CPU.Build.0 = Release|Any CPU
	EndGlobalSection
	GlobalSection(SolutionProperties) = preSolution
		HideSolutionNode = FALSE
	EndGlobalSection
	GlobalSection(NestedProjects) = preSolution
		{9DC4068C-9879-489E-B445-B32606C547C4} = {4EBF468E-CD64-4852-9FBA-2E9EC087C23D}
		{4EBF468E-CD64-4852-9FBA-2E9EC087C23D} = {5EE6EF89-45F2-44DB-A393-2D887E8BDC2B}
		{2DDB3676-B9C9-420E-A1A6-689B808DC473} = {5EE6EF89-45F2-44DB-A393-2D887E8BDC2B}
		{BF717377-36CB-4B20-BFAA-C1B29CF6D880} = {5EE6EF89-45F2-44DB-A393-2D887E8BDC2B}
		{0796A87F-A701-4DBC-9DA7-B35C3047A747} = {5EE6EF89-45F2-44DB-A393-2D887E8BDC2B}
		{3B61783D-CDA0-41F6-894B-0A0D7489F24B} = {5EE6EF89-45F2-44DB-A393-2D887E8BDC2B}
		{EB0503E9-F76E-491C-9AFE-0F5EE67490C2} = {5EE6EF89-45F2-44DB-A393-2D887E8BDC2B}
		{CA0F65B3-1A6F-4D07-B51C-8002AD39EAFC} = {5EE6EF89-45F2-44DB-A393-2D887E8BDC2B}
		{6478CF3F-611E-4494-AEDD-4125B542A649} = {CF8E5E13-21ED-4869-AE42-062F9591F20B}
		{D90019EE-7BEF-443A-9C84-4CEDE3C7EDBE} = {4EBF468E-CD64-4852-9FBA-2E9EC087C23D}
		{40A218F5-FFF4-4065-8181-F2E7D535509E} = {4EBF468E-CD64-4852-9FBA-2E9EC087C23D}
		{D264C6CE-5634-4BC5-9DEC-36EB64386269} = {2DDB3676-B9C9-420E-A1A6-689B808DC473}
		{8A2CF464-318F-4767-B7F6-8C8D3DE98794} = {2DDB3676-B9C9-420E-A1A6-689B808DC473}
		{5C6C71E0-AB6B-454D-9A57-7EF4FD6FEDBC} = {CA0F65B3-1A6F-4D07-B51C-8002AD39EAFC}
		{A835D061-A2AD-47B0-991C-BBFA9C8EF58A} = {EB0503E9-F76E-491C-9AFE-0F5EE67490C2}
		{8A7D9703-A9E5-4252-8902-756F1E00AEA5} = {3B61783D-CDA0-41F6-894B-0A0D7489F24B}
		{BB8B2616-EAD9-4F16-AC68-D9F351B77137} = {0796A87F-A701-4DBC-9DA7-B35C3047A747}
		{E63D6AA3-4B40-4252-97F2-C40F3A4F639F} = {0796A87F-A701-4DBC-9DA7-B35C3047A747}
		{D22F1281-D749-453E-844B-FAC7993FB6B8} = {BF717377-36CB-4B20-BFAA-C1B29CF6D880}
		{610E8775-8305-4FA2-852F-2AE3D1690C33} = {D264C6CE-5634-4BC5-9DEC-36EB64386269}
		{21B29181-3136-4BED-A93D-ACEAA8861141} = {CA0F65B3-1A6F-4D07-B51C-8002AD39EAFC}
		{8F66C457-1F92-443C-B35A-1C14698F08BF} = {2DDB3676-B9C9-420E-A1A6-689B808DC473}
		{6611918F-A7ED-4804-88AA-4D76269DE873} = {8F66C457-1F92-443C-B35A-1C14698F08BF}
		{0ABCABA5-61C2-4B37-BF1C-85C8CAD1E6FA} = {E0FE3B95-1A12-401C-96C6-C85BDBC5C5B9}
		{55CB1B91-8CB9-4C12-95A3-F5AB8613F440} = {2DDB3676-B9C9-420E-A1A6-689B808DC473}
	EndGlobalSection
EndGlobal
